# Pinned Noto releases used for deterministic PDF generation.
# Format: archive|source URL|archive SHA-256|entry in archive|installed filename|family
# Only the listed static faces are extracted. The release archive checksum authenticates
# every installed file, while keeping the checkout free of font binaries.
NotoSerif-v2.015.zip|https://github.com/notofonts/latin-greek-cyrillic/releases/download/NotoSerif-v2.015/NotoSerif-v2.015.zip|0e9a43c8a4b94ac76f55069ed1d7385bbcaf6b99527a94deb5619e032b7e76c1|NotoSerif/unhinted/ttf/NotoSerif-Regular.ttf|NotoSerif-Regular.ttf|Noto Serif
NotoSerif-v2.015.zip|https://github.com/notofonts/latin-greek-cyrillic/releases/download/NotoSerif-v2.015/NotoSerif-v2.015.zip|0e9a43c8a4b94ac76f55069ed1d7385bbcaf6b99527a94deb5619e032b7e76c1|NotoSerif/unhinted/ttf/NotoSerif-Bold.ttf|NotoSerif-Bold.ttf|Noto Serif
NotoSerif-v2.015.zip|https://github.com/notofonts/latin-greek-cyrillic/releases/download/NotoSerif-v2.015/NotoSerif-v2.015.zip|0e9a43c8a4b94ac76f55069ed1d7385bbcaf6b99527a94deb5619e032b7e76c1|NotoSerif/unhinted/ttf/NotoSerif-Italic.ttf|NotoSerif-Italic.ttf|Noto Serif
NotoSerif-v2.015.zip|https://github.com/notofonts/latin-greek-cyrillic/releases/download/NotoSerif-v2.015/NotoSerif-v2.015.zip|0e9a43c8a4b94ac76f55069ed1d7385bbcaf6b99527a94deb5619e032b7e76c1|NotoSerif/unhinted/ttf/NotoSerif-BoldItalic.ttf|NotoSerif-BoldItalic.ttf|Noto Serif
NotoSans-v2.015.zip|https://github.com/notofonts/latin-greek-cyrillic/releases/download/NotoSans-v2.015/NotoSans-v2.015.zip|0c34df072a3fa7efbb7cbf34950e1f971a4447cffe365d3a359e2d4089b958f5|NotoSans/unhinted/ttf/NotoSans-Regular.ttf|NotoSans-Regular.ttf|Noto Sans
NotoSans-v2.015.zip|https://github.com/notofonts/latin-greek-cyrillic/releases/download/NotoSans-v2.015/NotoSans-v2.015.zip|0c34df072a3fa7efbb7cbf34950e1f971a4447cffe365d3a359e2d4089b958f5|NotoSans/unhinted/ttf/NotoSans-Bold.ttf|NotoSans-Bold.ttf|Noto Sans
NotoSans-v2.015.zip|https://github.com/notofonts/latin-greek-cyrillic/releases/download/NotoSans-v2.015/NotoSans-v2.015.zip|0c34df072a3fa7efbb7cbf34950e1f971a4447cffe365d3a359e2d4089b958f5|NotoSans/unhinted/ttf/NotoSans-Italic.ttf|NotoSans-Italic.ttf|Noto Sans
NotoSans-v2.015.zip|https://github.com/notofonts/latin-greek-cyrillic/releases/download/NotoSans-v2.015/NotoSans-v2.015.zip|0c34df072a3fa7efbb7cbf34950e1f971a4447cffe365d3a359e2d4089b958f5|NotoSans/unhinted/ttf/NotoSans-BoldItalic.ttf|NotoSans-BoldItalic.ttf|Noto Sans
NotoSansMono-v2.014.zip|https://github.com/notofonts/latin-greek-cyrillic/releases/download/NotoSansMono-v2.014/NotoSansMono-v2.014.zip|090cf6c5e03f337a755630ca888b1fef463e64ae7b33ee134e9309c05f978732|NotoSansMono/unhinted/ttf/NotoSansMono-Regular.ttf|NotoSansMono-Regular.ttf|Noto Sans Mono
NotoSansMono-v2.014.zip|https://github.com/notofonts/latin-greek-cyrillic/releases/download/NotoSansMono-v2.014/NotoSansMono-v2.014.zip|090cf6c5e03f337a755630ca888b1fef463e64ae7b33ee134e9309c05f978732|NotoSansMono/unhinted/ttf/NotoSansMono-Bold.ttf|NotoSansMono-Bold.ttf|Noto Sans Mono
07_NotoSerifCJKjp.zip|https://github.com/notofonts/noto-cjk/releases/download/Serif2.003/07_NotoSerifCJKjp.zip|d7e956584f1e9417a0a72de22bfc33103d7dea78c9f84e5876920eb35ef40a13|OTF/Japanese/NotoSerifCJKjp-Regular.otf|NotoSerifCJKjp-Regular.otf|Noto Serif CJK JP
07_NotoSerifCJKjp.zip|https://github.com/notofonts/noto-cjk/releases/download/Serif2.003/07_NotoSerifCJKjp.zip|d7e956584f1e9417a0a72de22bfc33103d7dea78c9f84e5876920eb35ef40a13|OTF/Japanese/NotoSerifCJKjp-Bold.otf|NotoSerifCJKjp-Bold.otf|Noto Serif CJK JP
06_NotoSansCJKjp.zip|https://github.com/notofonts/noto-cjk/releases/download/Sans2.004/06_NotoSansCJKjp.zip|bf5b26feb83ee02533d4eb4a127bd90ed9d42bdd7ca7cb6e4030b2f21ef55cc5|NotoSansCJKjp-Regular.otf|NotoSansCJKjp-Regular.otf|Noto Sans CJK JP
06_NotoSansCJKjp.zip|https://github.com/notofonts/noto-cjk/releases/download/Sans2.004/06_NotoSansCJKjp.zip|bf5b26feb83ee02533d4eb4a127bd90ed9d42bdd7ca7cb6e4030b2f21ef55cc5|NotoSansCJKjp-Bold.otf|NotoSansCJKjp-Bold.otf|Noto Sans CJK JP
11_NotoSansMonoCJKjp.zip|https://github.com/notofonts/noto-cjk/releases/download/Sans2.004/11_NotoSansMonoCJKjp.zip|6c8faf475ce78fa37486dd5d8920e4bb4450b1b0f3c497edf3ba2d25cf52ab78|NotoSansMonoCJKjp-Regular.otf|NotoSansMonoCJKjp-Regular.otf|Noto Sans Mono CJK JP
11_NotoSansMonoCJKjp.zip|https://github.com/notofonts/noto-cjk/releases/download/Sans2.004/11_NotoSansMonoCJKjp.zip|6c8faf475ce78fa37486dd5d8920e4bb4450b1b0f3c497edf3ba2d25cf52ab78|NotoSansMonoCJKjp-Bold.otf|NotoSansMonoCJKjp-Bold.otf|Noto Sans Mono CJK JP
09_NotoSerifCJKsc.zip|https://github.com/notofonts/noto-cjk/releases/download/Serif2.003/09_NotoSerifCJKsc.zip|4bcdbff95cedfb6a4c0640403f0de8b69480d869331c24c8eff91f7bb834df04|OTF/SimplifiedChinese/NotoSerifCJKsc-Regular.otf|NotoSerifCJKsc-Regular.otf|Noto Serif CJK SC
09_NotoSerifCJKsc.zip|https://github.com/notofonts/noto-cjk/releases/download/Serif2.003/09_NotoSerifCJKsc.zip|4bcdbff95cedfb6a4c0640403f0de8b69480d869331c24c8eff91f7bb834df04|OTF/SimplifiedChinese/NotoSerifCJKsc-Bold.otf|NotoSerifCJKsc-Bold.otf|Noto Serif CJK SC
08_NotoSansCJKsc.zip|https://github.com/notofonts/noto-cjk/releases/download/Sans2.004/08_NotoSansCJKsc.zip|a927e56f53bd6c3b920bc139c0b94aa36c7d9ad0cf009b159437a1a003581140|NotoSansCJKsc-Regular.otf|NotoSansCJKsc-Regular.otf|Noto Sans CJK SC
08_NotoSansCJKsc.zip|https://github.com/notofonts/noto-cjk/releases/download/Sans2.004/08_NotoSansCJKsc.zip|a927e56f53bd6c3b920bc139c0b94aa36c7d9ad0cf009b159437a1a003581140|NotoSansCJKsc-Bold.otf|NotoSansCJKsc-Bold.otf|Noto Sans CJK SC
13_NotoSansMonoCJKsc.zip|https://github.com/notofonts/noto-cjk/releases/download/Sans2.004/13_NotoSansMonoCJKsc.zip|e252c39994f8a278676507600a955663c23c24a7827dc63a4300b2f7b427cd5d|NotoSansMonoCJKsc-Regular.otf|NotoSansMonoCJKsc-Regular.otf|Noto Sans Mono CJK SC
13_NotoSansMonoCJKsc.zip|https://github.com/notofonts/noto-cjk/releases/download/Sans2.004/13_NotoSansMonoCJKsc.zip|e252c39994f8a278676507600a955663c23c24a7827dc63a4300b2f7b427cd5d|NotoSansMonoCJKsc-Bold.otf|NotoSansMonoCJKsc-Bold.otf|Noto Sans Mono CJK SC
